// !$*UTF8*$!
{
	archiveVersion = 1;
	classes = {
	};
	objectVersion = 55;
	objects = {

/* Begin PBXBuildFile section */
		F93B17302726714B00383BC0 /* AppDelegate.swift in Sources */ = {isa = PBXBuildFile; fileRef = F93B172F2726714B00383BC0 /* AppDelegate.swift */; };
		F93B17322726714B00383BC0 /* SceneDelegate.swift in Sources */ = {isa = PBXBuildFile; fileRef = F93B17312726714B00383BC0 /* SceneDelegate.swift */; };
		F93B17342726714B00383BC0 /* LibraryViewController.swift in Sources */ = {isa = PBXBuildFile; fileRef = F93B17332726714B00383BC0 /* LibraryViewController.swift */; };
		F93B17372726714B00383BC0 /* Main.storyboard in Resources */ = {isa = PBXBuildFile; fileRef = F93B17352726714B00383BC0 /* Main.storyboard */; };
		F93B17392726714C00383BC0 /* Assets.xcassets in Resources */ = {isa = PBXBuildFile; fileRef = F93B17382726714C00383BC0 /* Assets.xcassets */; };
		F93B173C2726714C00383BC0 /* LaunchScreen.storyboard in Resources */ = {isa = PBXBuildFile; fileRef = F93B173A2726714C00383BC0 /* LaunchScreen.storyboard */; };
		F93B1748272675EC00383BC0 /* Book.swift in Sources */ = {isa = PBXBuildFile; fileRef = F93B1747272675EC00383BC0 /* Book.swift */; };
		F93B174A272678B700383BC0 /* Library.swift in Sources */ = {isa = PBXBuildFile; fileRef = F93B1749272678B700383BC0 /* Library.swift */; };
		F93B174C27267D2A00383BC0 /* DetailViewController.swift in Sources */ = {isa = PBXBuildFile; fileRef = F93B174B27267D2A00383BC0 /* DetailViewController.swift */; };
		F93B174F27268F4000383BC0 /* BookCell.swift in Sources */ = {isa = PBXBuildFile; fileRef = F93B174E27268F4000383BC0 /* BookCell.swift */; };
		F93B17512727A3F800383BC0 /* NewBookViewController.swift in Sources */ = {isa = PBXBuildFile; fileRef = F93B17502727A3F800383BC0 /* NewBookViewController.swift */; };
		F93B17602727D90400383BC0 /* LibraryHeaderView.xib in Resources */ = {isa = PBXBuildFile; fileRef = F93B175F2727D90400383BC0 /* LibraryHeaderView.xib */; };
/* End PBXBuildFile section */

/* Begin PBXFileReference section */
		F93B172C2726714B00383BC0 /* TableViewManagedCustom.app */ = {isa = PBXFileReference; explicitFileType = wrapper.application; includeInIndex = 0; path = TableViewManagedCustom.app; sourceTree = BUILT_PRODUCTS_DIR; };
		F93B172F2726714B00383BC0 /* AppDelegate.swift */ = {isa = PBXFileReference; lastKnownFileType = sourcecode.swift; path = AppDelegate.swift; sourceTree = "<group>"; };
		F93B17312726714B00383BC0 /* SceneDelegate.swift */ = {isa = PBXFileReference; lastKnownFileType = sourcecode.swift; path = SceneDelegate.swift; sourceTree = "<group>"; };
		F93B17332726714B00383BC0 /* LibraryViewController.swift */ = {isa = PBXFileReference; lastKnownFileType = sourcecode.swift; path = LibraryViewController.swift; sourceTree = "<group>"; };
		F93B17362726714B00383BC0 /* Base */ = {isa = PBXFileReference; lastKnownFileType = file.storyboard; name = Base; path = Base.lproj/Main.storyboard; sourceTree = "<group>"; };
		F93B17382726714C00383BC0 /* Assets.xcassets */ = {isa = PBXFileReference; lastKnownFileType = folder.assetcatalog; path = Assets.xcassets; sourceTree = "<group>"; };
		F93B173B2726714C00383BC0 /* Base */ = {isa = PBXFileReference; lastKnownFileType = file.storyboard; name = Base; path = Base.lproj/LaunchScreen.storyboard; sourceTree = "<group>"; };
		F93B173D2726714C00383BC0 /* Info.plist */ = {isa = PBXFileReference; lastKnownFileType = text.plist.xml; path = Info.plist; sourceTree = "<group>"; };
		F93B1747272675EC00383BC0 /* Book.swift */ = {isa = PBXFileReference; lastKnownFileType = sourcecode.swift; path = Book.swift; sourceTree = "<group>"; };
		F93B1749272678B700383BC0 /* Library.swift */ = {isa = PBXFileReference; lastKnownFileType = sourcecode.swift; path = Library.swift; sourceTree = "<group>"; };
		F93B174B27267D2A00383BC0 /* DetailViewController.swift */ = {isa = PBXFileReference; lastKnownFileType = sourcecode.swift; path = DetailViewController.swift; sourceTree = "<group>"; };
		F93B174E27268F4000383BC0 /* BookCell.swift */ = {isa = PBXFileReference; lastKnownFileType = sourcecode.swift; path = BookCell.swift; sourceTree = "<group>"; };
		F93B17502727A3F800383BC0 /* NewBookViewController.swift */ = {isa = PBXFileReference; lastKnownFileType = sourcecode.swift; path = NewBookViewController.swift; sourceTree = "<group>"; };
		F93B175F2727D90400383BC0 /* LibraryHeaderView.xib */ = {isa = PBXFileReference; lastKnownFileType = file.xib; path = LibraryHeaderView.xib; sourceTree = "<group>"; };
/* End PBXFileReference section */

/* Begin PBXFrameworksBuildPhase section */
		F93B17292726714B00383BC0 /* Frameworks */ = {
			isa = PBXFrameworksBuildPhase;
			buildActionMask = 2147483647;
			files = (
			);
			runOnlyForDeploymentPostprocessing = 0;
		};
/* End PBXFrameworksBuildPhase section */

/* Begin PBXGroup section */
		F93B17232726714A00383BC0 = {
			isa = PBXGroup;
			children = (
				F93B172E2726714B00383BC0 /* TableViewManagedCustom */,
				F93B172D2726714B00383BC0 /* Products */,
			);
			sourceTree = "<group>";
		};
		F93B172D2726714B00383BC0 /* Products */ = {
			isa = PBXGroup;
			children = (
				F93B172C2726714B00383BC0 /* TableViewManagedCustom.app */,
			);
			name = Products;
			sourceTree = "<group>";
		};
		F93B172E2726714B00383BC0 /* TableViewManagedCustom */ = {
			isa = PBXGroup;
			children = (
				F93B17542727CCCF00383BC0 /* Nibs */,
				F93B174D27268F2F00383BC0 /* Cell */,
				F93B17442726741900383BC0 /* ViewControllers */,
				F93B17432726740500383BC0 /* Resources */,
				F93B172F2726714B00383BC0 /* AppDelegate.swift */,
				F93B1746272675E200383BC0 /* DataModel */,
				F93B17312726714B00383BC0 /* SceneDelegate.swift */,
				F93B173D2726714C00383BC0 /* Info.plist */,
			);
			path = TableViewManagedCustom;
			sourceTree = "<group>";
		};
		F93B17432726740500383BC0 /* Resources */ = {
			isa = PBXGroup;
			children = (
				F93B17352726714B00383BC0 /* Main.storyboard */,
				F93B17382726714C00383BC0 /* Assets.xcassets */,
				F93B173A2726714C00383BC0 /* LaunchScreen.storyboard */,
			);
			path = Resources;
			sourceTree = "<group>";
		};
		F93B17442726741900383BC0 /* ViewControllers */ = {
			isa = PBXGroup;
			children = (
				F93B17332726714B00383BC0 /* LibraryViewController.swift */,
				F93B174B27267D2A00383BC0 /* DetailViewController.swift */,
				F93B17502727A3F800383BC0 /* NewBookViewController.swift */,
			);
			path = ViewControllers;
			sourceTree = "<group>";
		};
		F93B1746272675E200383BC0 /* DataModel */ = {
			isa = PBXGroup;
			children = (
				F93B1747272675EC00383BC0 /* Book.swift */,
				F93B1749272678B700383BC0 /* Library.swift */,
			);
			path = DataModel;
			sourceTree = "<group>";
		};
		F93B174D27268F2F00383BC0 /* Cell */ = {
			isa = PBXGroup;
			children = (
				F93B174E27268F4000383BC0 /* BookCell.swift */,
			);
			path = Cell;
			sourceTree = "<group>";
		};
		F93B17542727CCCF00383BC0 /* Nibs */ = {
			isa = PBXGroup;
			children = (
				F93B175F2727D90400383BC0 /* LibraryHeaderView.xib */,
			);
			path = Nibs;
			sourceTree = "<group>";
		};
/* End PBXGroup section */

/* Begin PBXNativeTarget section */
		F93B172B2726714B00383BC0 /* TableViewManagedCustom */ = {
			isa = PBXNativeTarget;
			buildConfigurationList = F93B17402726714C00383BC0 /* Build configuration list for PBXNativeTarget "TableViewManagedCustom" */;
			buildPhases = (
				F93B17282726714B00383BC0 /* Sources */,
				F93B17292726714B00383BC0 /* Frameworks */,
				F93B172A2726714B00383BC0 /* Resources */,
			);
			buildRules = (
			);
			dependencies = (
			);
			name = TableViewManagedCustom;
			productName = TableViewManagedCustom;
			productReference = F93B172C2726714B00383BC0 /* TableViewManagedCustom.app */;
			productType = "com.apple.product-type.application";
		};
/* End PBXNativeTarget section */

/* Begin PBXProject section */
		F93B17242726714A00383BC0 /* Project object */ = {
			isa = PBXProject;
			attributes = {
				BuildIndependentTargetsInParallel = 1;
				LastSwiftUpdateCheck = 1300;
				LastUpgradeCheck = 1300;
				TargetAttributes = {
					F93B172B2726714B00383BC0 = {
						CreatedOnToolsVersion = 13.0;
					};
				};
			};
			buildConfigurationList = F93B17272726714A00383BC0 /* Build configuration list for PBXProject "TableViewManagedCustom" */;
			compatibilityVersion = "Xcode 13.0";
			developmentRegion = en;
			hasScannedForEncodings = 0;
			knownRegions = (
				en,
				Base,
			);
			mainGroup = F93B17232726714A00383BC0;
			productRefGroup = F93B172D2726714B00383BC0 /* Products */;
			projectDirPath = "";
			projectRoot = "";
			targets = (
				F93B172B2726714B00383BC0 /* TableViewManagedCustom */,
			);
		};
/* End PBXProject section */

/* Begin PBXResourcesBuildPhase section */
		F93B172A2726714B00383BC0 /* Resources */ = {
			isa = PBXResourcesBuildPhase;
			buildActionMask = 2147483647;
			files = (
				F93B173C2726714C00383BC0 /* LaunchScreen.storyboard in Resources */,
				F93B17392726714C00383BC0 /* Assets.xcassets in Resources */,
				F93B17372726714B00383BC0 /* Main.storyboard in Resources */,
				F93B17602727D90400383BC0 /* LibraryHeaderView.xib in Resources */,
			);
			runOnlyForDeploymentPostprocessing = 0;
		};
/* End PBXResourcesBuildPhase section */

/* Begin PBXSourcesBuildPhase section */
		F93B17282726714B00383BC0 /* Sources */ = {
			isa = PBXSourcesBuildPhase;
			buildActionMask = 2147483647;
			files = (
				F93B1748272675EC00383BC0 /* Book.swift in Sources */,
				F93B17342726714B00383BC0 /* LibraryViewController.swift in Sources */,
				F93B17512727A3F800383BC0 /* NewBookViewController.swift in Sources */,
				F93B174A272678B700383BC0 /* Library.swift in Sources */,
				F93B174F27268F4000383BC0 /* BookCell.swift in Sources */,
				F93B174C27267D2A00383BC0 /* DetailViewController.swift in Sources */,
				F93B17302726714B00383BC0 /* AppDelegate.swift in Sources */,
				F93B17322726714B00383BC0 /* SceneDelegate.swift in Sources */,
			);
			runOnlyForDeploymentPostprocessing = 0;
		};
/* End PBXSourcesBuildPhase section */

/* Begin PBXVariantGroup section */
		F93B17352726714B00383BC0 /* Main.storyboard */ = {
			isa = PBXVariantGroup;
			children = (
				F93B17362726714B00383BC0 /* Base */,
			);
			name = Main.storyboard;
			sourceTree = "<group>";
		};
		F93B173A2726714C00383BC0 /* LaunchScreen.storyboard */ = {
			isa = PBXVariantGroup;
			children = (
				F93B173B2726714C00383BC0 /* Base */,
			);
			name = LaunchScreen.storyboard;
			sourceTree = "<group>";
		};
/* End PBXVariantGroup section */

/* Begin XCBuildConfiguration section */
		F93B173E2726714C00383BC0 /* Debug */ = {
			isa = XCBuildConfiguration;
			buildSettings = {
				ALWAYS_SEARCH_USER_PATHS = NO;
				CLANG_ANALYZER_NONNULL = YES;
				CLANG_ANALYZER_NUMBER_OBJECT_CONVERSION = YES_AGGRESSIVE;
				CLANG_CXX_LANGUAGE_STANDARD = "gnu++17";
				CLANG_CXX_LIBRARY = "libc++";
				CLANG_ENABLE_MODULES = YES;
				CLANG_ENABLE_OBJC_ARC = YES;
				CLANG_ENABLE_OBJC_WEAK = YES;
				CLANG_WARN_BLOCK_CAPTURE_AUTORELEASING = YES;
				CLANG_WARN_BOOL_CONVERSION = YES;
				CLANG_WARN_COMMA = YES;
				CLANG_WARN_CONSTANT_CONVERSION = YES;
				CLANG_WARN_DEPRECATED_OBJC_IMPLEMENTATIONS = YES;
				CLANG_WARN_DIRECT_OBJC_ISA_USAGE = YES_ERROR;
				CLANG_WARN_DOCUMENTATION_COMMENTS = YES;
				CLANG_WARN_EMPTY_BODY = YES;
				CLANG_WARN_ENUM_CONVERSION = YES;
				CLANG_WARN_INFINITE_RECURSION = YES;
				CLANG_WARN_INT_CONVERSION = YES;
				CLANG_WARN_NON_LITERAL_NULL_CONVERSION = YES;
				CLANG_WARN_OBJC_IMPLICIT_RETAIN_SELF = YES;
				CLANG_WARN_OBJC_LITERAL_CONVERSION = YES;
				CLANG_WARN_OBJC_ROOT_CLASS = YES_ERROR;
				CLANG_WARN_QUOTED_INCLUDE_IN_FRAMEWORK_HEADER = YES;
				CLANG_WARN_RANGE_LOOP_ANALYSIS = YES;
				CLANG_WARN_STRICT_PROTOTYPES = YES;
				CLANG_WARN_SUSPICIOUS_MOVE = YES;
				CLANG_WARN_UNGUARDED_AVAILABILITY = YES_AGGRESSIVE;
				CLANG_WARN_UNREACHABLE_CODE = YES;
				CLANG_WARN__DUPLICATE_METHOD_MATCH = YES;
				COPY_PHASE_STRIP = NO;
				DEBUG_INFORMATION_FORMAT = dwarf;
				ENABLE_STRICT_OBJC_MSGSEND = YES;
				ENABLE_TESTABILITY = YES;
				GCC_C_LANGUAGE_STANDARD = gnu11;
				GCC_DYNAMIC_NO_PIC = NO;
				GCC_NO_COMMON_BLOCKS = YES;
				GCC_OPTIMIZATION_LEVEL = 0;
				GCC_PREPROCESSOR_DEFINITIONS = (
					"DEBUG=1",
					"$(inherited)",
				);
				GCC_WARN_64_TO_32_BIT_CONVERSION = YES;
				GCC_WARN_ABOUT_RETURN_TYPE = YES_ERROR;
				GCC_WARN_UNDECLARED_SELECTOR = YES;
				GCC_WARN_UNINITIALIZED_AUTOS = YES_AGGRESSIVE;
				GCC_WARN_UNUSED_FUNCTION = YES;
				GCC_WARN_UNUSED_VARIABLE = YES;
				IPHONEOS_DEPLOYMENT_TARGET = 15.0;
				MTL_ENABLE_DEBUG_INFO = INCLUDE_SOURCE;
				MTL_FAST_MATH = YES;
				ONLY_ACTIVE_ARCH = YES;
				SDKROOT = iphoneos;
				SWIFT_ACTIVE_COMPILATION_CONDITIONS = DEBUG;
				SWIFT_OPTIMIZATION_LEVEL = "-Onone";
			};
			name = Debug;
		};
		F93B173F2726714C00383BC0 /* Release */ = {
			isa = XCBuildConfiguration;
			buildSettings = {
				ALWAYS_SEARCH_USER_PATHS = NO;
				CLANG_ANALYZER_NONNULL = YES;
				CLANG_ANALYZER_NUMBER_OBJECT_CONVERSION = YES_AGGRESSIVE;
				CLANG_CXX_LANGUAGE_STANDARD = "gnu++17";
				CLANG_CXX_LIBRARY = "libc++";
				CLANG_ENABLE_MODULES = YES;
				CLANG_ENABLE_OBJC_ARC = YES;
				CLANG_ENABLE_OBJC_WEAK = YES;
				CLANG_WARN_BLOCK_CAPTURE_AUTORELEASING = YES;
				CLANG_WARN_BOOL_CONVERSION = YES;
				CLANG_WARN_COMMA = YES;
				CLANG_WARN_CONSTANT_CONVERSION = YES;
				CLANG_WARN_DEPRECATED_OBJC_IMPLEMENTATIONS = YES;
				CLANG_WARN_DIRECT_OBJC_ISA_USAGE = YES_ERROR;
				CLANG_WARN_DOCUMENTATION_COMMENTS = YES;
				CLANG_WARN_EMPTY_BODY = YES;
				CLANG_WARN_ENUM_CONVERSION = YES;
				CLANG_WARN_INFINITE_RECURSION = YES;
				CLANG_WARN_INT_CONVERSION = YES;
				CLANG_WARN_NON_LITERAL_NULL_CONVERSION = YES;
				CLANG_WARN_OBJC_IMPLICIT_RETAIN_SELF = YES;
				CLANG_WARN_OBJC_LITERAL_CONVERSION = YES;
				CLANG_WARN_OBJC_ROOT_CLASS = YES_ERROR;
				CLANG_WARN_QUOTED_INCLUDE_IN_FRAMEWORK_HEADER = YES;
				CLANG_WARN_RANGE_LOOP_ANALYSIS = YES;
				CLANG_WARN_STRICT_PROTOTYPES = YES;
				CLANG_WARN_SUSPICIOUS_MOVE = YES;
				CLANG_WARN_UNGUARDED_AVAILABILITY = YES_AGGRESSIVE;
				CLANG_WARN_UNREACHABLE_CODE = YES;
				CLANG_WARN__DUPLICATE_METHOD_MATCH = YES;
				COPY_PHASE_STRIP = NO;
				DEBUG_INFORMATION_FORMAT = "dwarf-with-dsym";
				ENABLE_NS_ASSERTIONS = NO;
				ENABLE_STRICT_OBJC_MSGSEND = YES;
				GCC_C_LANGUAGE_STANDARD = gnu11;
				GCC_NO_COMMON_BLOCKS = YES;
				GCC_WARN_64_TO_32_BIT_CONVERSION = YES;
				GCC_WARN_ABOUT_RETURN_TYPE = YES_ERROR;
				GCC_WARN_UNDECLARED_SELECTOR = YES;
				GCC_WARN_UNINITIALIZED_AUTOS = YES_AGGRESSIVE;
				GCC_WARN_UNUSED_FUNCTION = YES;
				GCC_WARN_UNUSED_VARIABLE = YES;
				IPHONEOS_DEPLOYMENT_TARGET = 15.0;
				MTL_ENABLE_DEBUG_INFO = NO;
				MTL_FAST_MATH = YES;
				SDKROOT = iphoneos;
				SWIFT_COMPILATION_MODE = wholemodule;
				SWIFT_OPTIMIZATION_LEVEL = "-O";
				VALIDATE_PRODUCT = YES;
			};
			name = Release;
		};
		F93B17412726714C00383BC0 /* Debug */ = {
			isa = XCBuildConfiguration;
			buildSettings = {
				ASSETCATALOG_COMPILER_APPICON_NAME = AppIcon;
				ASSETCATALOG_COMPILER_GLOBAL_ACCENT_COLOR_NAME = AccentColor;
				CODE_SIGN_STYLE = Automatic;
				CURRENT_PROJECT_VERSION = 1;
				GENERATE_INFOPLIST_FILE = YES;
				INFOPLIST_FILE = TableViewManagedCustom/Info.plist;
				INFOPLIST_KEY_UIApplicationSupportsIndirectInputEvents = YES;
				INFOPLIST_KEY_UILaunchStoryboardName = LaunchScreen;
				INFOPLIST_KEY_UIMainStoryboardFile = Main;
				INFOPLIST_KEY_UISupportedInterfaceOrientations_iPad = "UIInterfaceOrientationPortrait UIInterfaceOrientationPortraitUpsideDown UIInterfaceOrientationLandscapeLeft UIInterfaceOrientationLandscapeRight";
				INFOPLIST_KEY_UISupportedInterfaceOrientations_iPhone = "UIInterfaceOrientationPortrait UIInterfaceOrientationLandscapeLeft UIInterfaceOrientationLandscapeRight";
				LD_RUNPATH_SEARCH_PATHS = (
					"$(inherited)",
					"@executable_path/Frameworks",
				);
				MARKETING_VERSION = 1.0;
				PRODUCT_BUNDLE_IDENTIFIER = com.todoc.TableViewManagedCustom;
				PRODUCT_NAME = "$(TARGET_NAME)";
				SWIFT_EMIT_LOC_STRINGS = YES;
				SWIFT_VERSION = 5.0;
				TARGETED_DEVICE_FAMILY = "1,2";
			};
			name = Debug;
		};
		F93B17422726714C00383BC0 /* Release */ = {
			isa = XCBuildConfiguration;
			buildSettings = {
				ASSETCATALOG_COMPILER_APPICON_NAME = AppIcon;
				ASSETCATALOG_COMPILER_GLOBAL_ACCENT_COLOR_NAME = AccentColor;
				CODE_SIGN_STYLE = Automatic;
				CURRENT_PROJECT_VERSION = 1;
				GENERATE_INFOPLIST_FILE = YES;
				INFOPLIST_FILE = TableViewManagedCustom/Info.plist;
				INFOPLIST_KEY_UIApplicationSupportsIndirectInputEvents = YES;
				INFOPLIST_KEY_UILaunchStoryboardName = LaunchScreen;
				INFOPLIST_KEY_UIMainStoryboardFile = Main;
				INFOPLIST_KEY_UISupportedInterfaceOrientations_iPad = "UIInterfaceOrientationPortrait UIInterfaceOrientationPortraitUpsideDown UIInterfaceOrientationLandscapeLeft UIInterfaceOrientationLandscapeRight";
				INFOPLIST_KEY_UISupportedInterfaceOrientations_iPhone = "UIInterfaceOrientationPortrait UIInterfaceOrientationLandscapeLeft UIInterfaceOrientationLandscapeRight";
				LD_RUNPATH_SEARCH_PATHS = (
					"$(inherited)",
					"@executable_path/Frameworks",
				);
				MARKETING_VERSION = 1.0;
				PRODUCT_BUNDLE_IDENTIFIER = com.todoc.TableViewManagedCustom;
				PRODUCT_NAME = "$(TARGET_NAME)";
				SWIFT_EMIT_LOC_STRINGS = YES;
				SWIFT_VERSION = 5.0;
				TARGETED_DEVICE_FAMILY = "1,2";
			};
			name = Release;
		};
/* End XCBuildConfiguration section */

/* Begin XCConfigurationList section */
		F93B17272726714A00383BC0 /* Build configuration list for PBXProject "TableViewManagedCustom" */ = {
			isa = XCConfigurationList;
			buildConfigurations = (
				F93B173E2726714C00383BC0 /* Debug */,
				F93B173F2726714C00383BC0 /* Release */,
			);
			defaultConfigurationIsVisible = 0;
			defaultConfigurationName = Release;
		};
		F93B17402726714C00383BC0 /* Build configuration list for PBXNativeTarget "TableViewManagedCustom" */ = {
			isa = XCConfigurationList;
			buildConfigurations = (
				F93B17412726714C00383BC0 /* Debug */,
				F93B17422726714C00383BC0 /* Release */,
			);
			defaultConfigurationIsVisible = 0;
			defaultConfigurationName = Release;
		};
/* End XCConfigurationList section */
	};
	rootObject = F93B17242726714A00383BC0 /* Project object */;
}
