// !$*UTF8*$!
{
	archiveVersion = 1;
	classes = {
	};
	objectVersion = 55;
	objects = {

/* Begin PBXBuildFile section */
		F93B1797272A995000383BC0 /* AppDelegate.swift in Sources */ = {isa = PBXBuildFile; fileRef = F93B1796272A995000383BC0 /* AppDelegate.swift */; };
		F93B1799272A995000383BC0 /* SceneDelegate.swift in Sources */ = {isa = PBXBuildFile; fileRef = F93B1798272A995000383BC0 /* SceneDelegate.swift */; };
		F93B179B272A995000383BC0 /* AuteurListViewController.swift in Sources */ = {isa = PBXBuildFile; fileRef = F93B179A272A995000383BC0 /* AuteurListViewController.swift */; };
		F93B179E272A995000383BC0 /* Main.storyboard in Resources */ = {isa = PBXBuildFile; fileRef = F93B179C272A995000383BC0 /* Main.storyboard */; };
		F93B17A0272A995100383BC0 /* Assets.xcassets in Resources */ = {isa = PBXBuildFile; fileRef = F93B179F272A995100383BC0 /* Assets.xcassets */; };
		F93B17A3272A995100383BC0 /* LaunchScreen.storyboard in Resources */ = {isa = PBXBuildFile; fileRef = F93B17A1272A995100383BC0 /* LaunchScreen.storyboard */; };
		F93B17AE272A99AD00383BC0 /* Film.swift in Sources */ = {isa = PBXBuildFile; fileRef = F93B17AD272A99AD00383BC0 /* Film.swift */; };
		F93B17B1272A9A8700383BC0 /* Auteurs.swift in Sources */ = {isa = PBXBuildFile; fileRef = F93B17B0272A9A8700383BC0 /* Auteurs.swift */; };
		F93B17B4272A9E2C00383BC0 /* SnapKit in Frameworks */ = {isa = PBXBuildFile; productRef = F93B17B3272A9E2C00383BC0 /* SnapKit */; };
		F93B17B7272AA52B00383BC0 /* AuteurTableViewCell.swift in Sources */ = {isa = PBXBuildFile; fileRef = F93B17B6272AA52B00383BC0 /* AuteurTableViewCell.swift */; };
/* End PBXBuildFile section */

/* Begin PBXFileReference section */
		F93B1793272A995000383BC0 /* AuteursUseSnapkit.app */ = {isa = PBXFileReference; explicitFileType = wrapper.application; includeInIndex = 0; path = AuteursUseSnapkit.app; sourceTree = BUILT_PRODUCTS_DIR; };
		F93B1796272A995000383BC0 /* AppDelegate.swift */ = {isa = PBXFileReference; lastKnownFileType = sourcecode.swift; path = AppDelegate.swift; sourceTree = "<group>"; };
		F93B1798272A995000383BC0 /* SceneDelegate.swift */ = {isa = PBXFileReference; lastKnownFileType = sourcecode.swift; path = SceneDelegate.swift; sourceTree = "<group>"; };
		F93B179A272A995000383BC0 /* AuteurListViewController.swift */ = {isa = PBXFileReference; lastKnownFileType = sourcecode.swift; path = AuteurListViewController.swift; sourceTree = "<group>"; };
		F93B179D272A995000383BC0 /* Base */ = {isa = PBXFileReference; lastKnownFileType = file.storyboard; name = Base; path = Base.lproj/Main.storyboard; sourceTree = "<group>"; };
		F93B179F272A995100383BC0 /* Assets.xcassets */ = {isa = PBXFileReference; lastKnownFileType = folder.assetcatalog; path = Assets.xcassets; sourceTree = "<group>"; };
		F93B17A2272A995100383BC0 /* Base */ = {isa = PBXFileReference; lastKnownFileType = file.storyboard; name = Base; path = Base.lproj/LaunchScreen.storyboard; sourceTree = "<group>"; };
		F93B17A4272A995100383BC0 /* Info.plist */ = {isa = PBXFileReference; lastKnownFileType = text.plist.xml; path = Info.plist; sourceTree = "<group>"; };
		F93B17AB272A998200383BC0 /* auteurs.geojson */ = {isa = PBXFileReference; lastKnownFileType = text; path = auteurs.geojson; sourceTree = "<group>"; };
		F93B17AD272A99AD00383BC0 /* Film.swift */ = {isa = PBXFileReference; lastKnownFileType = sourcecode.swift; path = Film.swift; sourceTree = "<group>"; };
		F93B17B0272A9A8700383BC0 /* Auteurs.swift */ = {isa = PBXFileReference; lastKnownFileType = sourcecode.swift; path = Auteurs.swift; sourceTree = "<group>"; };
		F93B17B6272AA52B00383BC0 /* AuteurTableViewCell.swift */ = {isa = PBXFileReference; lastKnownFileType = sourcecode.swift; path = AuteurTableViewCell.swift; sourceTree = "<group>"; };
/* End PBXFileReference section */

/* Begin PBXFrameworksBuildPhase section */
		F93B1790272A995000383BC0 /* Frameworks */ = {
			isa = PBXFrameworksBuildPhase;
			buildActionMask = 2147483647;
			files = (
				F93B17B4272A9E2C00383BC0 /* SnapKit in Frameworks */,
			);
			runOnlyForDeploymentPostprocessing = 0;
		};
/* End PBXFrameworksBuildPhase section */

/* Begin PBXGroup section */
		F93B178A272A995000383BC0 = {
			isa = PBXGroup;
			children = (
				F93B1795272A995000383BC0 /* AuteursUseSnapkit */,
				F93B1794272A995000383BC0 /* Products */,
			);
			sourceTree = "<group>";
		};
		F93B1794272A995000383BC0 /* Products */ = {
			isa = PBXGroup;
			children = (
				F93B1793272A995000383BC0 /* AuteursUseSnapkit.app */,
			);
			name = Products;
			sourceTree = "<group>";
		};
		F93B1795272A995000383BC0 /* AuteursUseSnapkit */ = {
			isa = PBXGroup;
			children = (
				F93B17B5272AA51700383BC0 /* ViewControllers */,
				F93B17AF272A9A6100383BC0 /* Views */,
				F93B17AC272A99A400383BC0 /* Models */,
				F93B17AA272A996E00383BC0 /* Resources */,
				F93B1796272A995000383BC0 /* AppDelegate.swift */,
				F93B1798272A995000383BC0 /* SceneDelegate.swift */,
				F93B179F272A995100383BC0 /* Assets.xcassets */,
				F93B17A1272A995100383BC0 /* LaunchScreen.storyboard */,
				F93B17A4272A995100383BC0 /* Info.plist */,
			);
			path = AuteursUseSnapkit;
			sourceTree = "<group>";
		};
		F93B17AA272A996E00383BC0 /* Resources */ = {
			isa = PBXGroup;
			children = (
				F93B17AB272A998200383BC0 /* auteurs.geojson */,
			);
			path = Resources;
			sourceTree = "<group>";
		};
		F93B17AC272A99A400383BC0 /* Models */ = {
			isa = PBXGroup;
			children = (
				F93B17AD272A99AD00383BC0 /* Film.swift */,
				F93B17B0272A9A8700383BC0 /* Auteurs.swift */,
			);
			path = Models;
			sourceTree = "<group>";
		};
		F93B17AF272A9A6100383BC0 /* Views */ = {
			isa = PBXGroup;
			children = (
				F93B179C272A995000383BC0 /* Main.storyboard */,
				F93B17B6272AA52B00383BC0 /* AuteurTableViewCell.swift */,
			);
			path = Views;
			sourceTree = "<group>";
		};
		F93B17B5272AA51700383BC0 /* ViewControllers */ = {
			isa = PBXGroup;
			children = (
				F93B179A272A995000383BC0 /* AuteurListViewController.swift */,
			);
			path = ViewControllers;
			sourceTree = "<group>";
		};
/* End PBXGroup section */

/* Begin PBXNativeTarget section */
		F93B1792272A995000383BC0 /* AuteursUseSnapkit */ = {
			isa = PBXNativeTarget;
			buildConfigurationList = F93B17A7272A995100383BC0 /* Build configuration list for PBXNativeTarget "AuteursUseSnapkit" */;
			buildPhases = (
				F93B178F272A995000383BC0 /* Sources */,
				F93B1790272A995000383BC0 /* Frameworks */,
				F93B1791272A995000383BC0 /* Resources */,
			);
			buildRules = (
			);
			dependencies = (
			);
			name = AuteursUseSnapkit;
			packageProductDependencies = (
				F93B17B3272A9E2C00383BC0 /* SnapKit */,
			);
			productName = AuteursUseSnapkit;
			productReference = F93B1793272A995000383BC0 /* AuteursUseSnapkit.app */;
			productType = "com.apple.product-type.application";
		};
/* End PBXNativeTarget section */

/* Begin PBXProject section */
		F93B178B272A995000383BC0 /* Project object */ = {
			isa = PBXProject;
			attributes = {
				BuildIndependentTargetsInParallel = 1;
				LastSwiftUpdateCheck = 1300;
				LastUpgradeCheck = 1300;
				TargetAttributes = {
					F93B1792272A995000383BC0 = {
						CreatedOnToolsVersion = 13.0;
					};
				};
			};
			buildConfigurationList = F93B178E272A995000383BC0 /* Build configuration list for PBXProject "AuteursUseSnapkit" */;
			compatibilityVersion = "Xcode 13.0";
			developmentRegion = en;
			hasScannedForEncodings = 0;
			knownRegions = (
				en,
				Base,
			);
			mainGroup = F93B178A272A995000383BC0;
			packageReferences = (
				F93B17B2272A9E2C00383BC0 /* XCRemoteSwiftPackageReference "SnapKit" */,
			);
			productRefGroup = F93B1794272A995000383BC0 /* Products */;
			projectDirPath = "";
			projectRoot = "";
			targets = (
				F93B1792272A995000383BC0 /* AuteursUseSnapkit */,
			);
		};
/* End PBXProject section */

/* Begin PBXResourcesBuildPhase section */
		F93B1791272A995000383BC0 /* Resources */ = {
			isa = PBXResourcesBuildPhase;
			buildActionMask = 2147483647;
			files = (
				F93B17A3272A995100383BC0 /* LaunchScreen.storyboard in Resources */,
				F93B17A0272A995100383BC0 /* Assets.xcassets in Resources */,
				F93B179E272A995000383BC0 /* Main.storyboard in Resources */,
			);
			runOnlyForDeploymentPostprocessing = 0;
		};
/* End PBXResourcesBuildPhase section */

/* Begin PBXSourcesBuildPhase section */
		F93B178F272A995000383BC0 /* Sources */ = {
			isa = PBXSourcesBuildPhase;
			buildActionMask = 2147483647;
			files = (
				F93B179B272A995000383BC0 /* AuteurListViewController.swift in Sources */,
				F93B17B7272AA52B00383BC0 /* AuteurTableViewCell.swift in Sources */,
				F93B17AE272A99AD00383BC0 /* Film.swift in Sources */,
				F93B1797272A995000383BC0 /* AppDelegate.swift in Sources */,
				F93B17B1272A9A8700383BC0 /* Auteurs.swift in Sources */,
				F93B1799272A995000383BC0 /* SceneDelegate.swift in Sources */,
			);
			runOnlyForDeploymentPostprocessing = 0;
		};
/* End PBXSourcesBuildPhase section */

/* Begin PBXVariantGroup section */
		F93B179C272A995000383BC0 /* Main.storyboard */ = {
			isa = PBXVariantGroup;
			children = (
				F93B179D272A995000383BC0 /* Base */,
			);
			name = Main.storyboard;
			sourceTree = "<group>";
		};
		F93B17A1272A995100383BC0 /* LaunchScreen.storyboard */ = {
			isa = PBXVariantGroup;
			children = (
				F93B17A2272A995100383BC0 /* Base */,
			);
			name = LaunchScreen.storyboard;
			sourceTree = "<group>";
		};
/* End PBXVariantGroup section */

/* Begin XCBuildConfiguration section */
		F93B17A5272A995100383BC0 /* Debug */ = {
			isa = XCBuildConfiguration;
			buildSettings = {
				ALWAYS_SEARCH_USER_PATHS = NO;
				CLANG_ANALYZER_NONNULL = YES;
				CLANG_ANALYZER_NUMBER_OBJECT_CONVERSION = YES_AGGRESSIVE;
				CLANG_CXX_LANGUAGE_STANDARD = "gnu++17";
				CLANG_CXX_LIBRARY = "libc++";
				CLANG_ENABLE_MODULES = YES;
				CLANG_ENABLE_OBJC_ARC = YES;
				CLANG_ENABLE_OBJC_WEAK = YES;
				CLANG_WARN_BLOCK_CAPTURE_AUTORELEASING = YES;
				CLANG_WARN_BOOL_CONVERSION = YES;
				CLANG_WARN_COMMA = YES;
				CLANG_WARN_CONSTANT_CONVERSION = YES;
				CLANG_WARN_DEPRECATED_OBJC_IMPLEMENTATIONS = YES;
				CLANG_WARN_DIRECT_OBJC_ISA_USAGE = YES_ERROR;
				CLANG_WARN_DOCUMENTATION_COMMENTS = YES;
				CLANG_WARN_EMPTY_BODY = YES;
				CLANG_WARN_ENUM_CONVERSION = YES;
				CLANG_WARN_INFINITE_RECURSION = YES;
				CLANG_WARN_INT_CONVERSION = YES;
				CLANG_WARN_NON_LITERAL_NULL_CONVERSION = YES;
				CLANG_WARN_OBJC_IMPLICIT_RETAIN_SELF = YES;
				CLANG_WARN_OBJC_LITERAL_CONVERSION = YES;
				CLANG_WARN_OBJC_ROOT_CLASS = YES_ERROR;
				CLANG_WARN_QUOTED_INCLUDE_IN_FRAMEWORK_HEADER = YES;
				CLANG_WARN_RANGE_LOOP_ANALYSIS = YES;
				CLANG_WARN_STRICT_PROTOTYPES = YES;
				CLANG_WARN_SUSPICIOUS_MOVE = YES;
				CLANG_WARN_UNGUARDED_AVAILABILITY = YES_AGGRESSIVE;
				CLANG_WARN_UNREACHABLE_CODE = YES;
				CLANG_WARN__DUPLICATE_METHOD_MATCH = YES;
				COPY_PHASE_STRIP = NO;
				DEBUG_INFORMATION_FORMAT = dwarf;
				ENABLE_STRICT_OBJC_MSGSEND = YES;
				ENABLE_TESTABILITY = YES;
				GCC_C_LANGUAGE_STANDARD = gnu11;
				GCC_DYNAMIC_NO_PIC = NO;
				GCC_NO_COMMON_BLOCKS = YES;
				GCC_OPTIMIZATION_LEVEL = 0;
				GCC_PREPROCESSOR_DEFINITIONS = (
					"DEBUG=1",
					"$(inherited)",
				);
				GCC_WARN_64_TO_32_BIT_CONVERSION = YES;
				GCC_WARN_ABOUT_RETURN_TYPE = YES_ERROR;
				GCC_WARN_UNDECLARED_SELECTOR = YES;
				GCC_WARN_UNINITIALIZED_AUTOS = YES_AGGRESSIVE;
				GCC_WARN_UNUSED_FUNCTION = YES;
				GCC_WARN_UNUSED_VARIABLE = YES;
				IPHONEOS_DEPLOYMENT_TARGET = 15.0;
				MTL_ENABLE_DEBUG_INFO = INCLUDE_SOURCE;
				MTL_FAST_MATH = YES;
				ONLY_ACTIVE_ARCH = YES;
				SDKROOT = iphoneos;
				SWIFT_ACTIVE_COMPILATION_CONDITIONS = DEBUG;
				SWIFT_OPTIMIZATION_LEVEL = "-Onone";
			};
			name = Debug;
		};
		F93B17A6272A995100383BC0 /* Release */ = {
			isa = XCBuildConfiguration;
			buildSettings = {
				ALWAYS_SEARCH_USER_PATHS = NO;
				CLANG_ANALYZER_NONNULL = YES;
				CLANG_ANALYZER_NUMBER_OBJECT_CONVERSION = YES_AGGRESSIVE;
				CLANG_CXX_LANGUAGE_STANDARD = "gnu++17";
				CLANG_CXX_LIBRARY = "libc++";
				CLANG_ENABLE_MODULES = YES;
				CLANG_ENABLE_OBJC_ARC = YES;
				CLANG_ENABLE_OBJC_WEAK = YES;
				CLANG_WARN_BLOCK_CAPTURE_AUTORELEASING = YES;
				CLANG_WARN_BOOL_CONVERSION = YES;
				CLANG_WARN_COMMA = YES;
				CLANG_WARN_CONSTANT_CONVERSION = YES;
				CLANG_WARN_DEPRECATED_OBJC_IMPLEMENTATIONS = YES;
				CLANG_WARN_DIRECT_OBJC_ISA_USAGE = YES_ERROR;
				CLANG_WARN_DOCUMENTATION_COMMENTS = YES;
				CLANG_WARN_EMPTY_BODY = YES;
				CLANG_WARN_ENUM_CONVERSION = YES;
				CLANG_WARN_INFINITE_RECURSION = YES;
				CLANG_WARN_INT_CONVERSION = YES;
				CLANG_WARN_NON_LITERAL_NULL_CONVERSION = YES;
				CLANG_WARN_OBJC_IMPLICIT_RETAIN_SELF = YES;
				CLANG_WARN_OBJC_LITERAL_CONVERSION = YES;
				CLANG_WARN_OBJC_ROOT_CLASS = YES_ERROR;
				CLANG_WARN_QUOTED_INCLUDE_IN_FRAMEWORK_HEADER = YES;
				CLANG_WARN_RANGE_LOOP_ANALYSIS = YES;
				CLANG_WARN_STRICT_PROTOTYPES = YES;
				CLANG_WARN_SUSPICIOUS_MOVE = YES;
				CLANG_WARN_UNGUARDED_AVAILABILITY = YES_AGGRESSIVE;
				CLANG_WARN_UNREACHABLE_CODE = YES;
				CLANG_WARN__DUPLICATE_METHOD_MATCH = YES;
				COPY_PHASE_STRIP = NO;
				DEBUG_INFORMATION_FORMAT = "dwarf-with-dsym";
				ENABLE_NS_ASSERTIONS = NO;
				ENABLE_STRICT_OBJC_MSGSEND = YES;
				GCC_C_LANGUAGE_STANDARD = gnu11;
				GCC_NO_COMMON_BLOCKS = YES;
				GCC_WARN_64_TO_32_BIT_CONVERSION = YES;
				GCC_WARN_ABOUT_RETURN_TYPE = YES_ERROR;
				GCC_WARN_UNDECLARED_SELECTOR = YES;
				GCC_WARN_UNINITIALIZED_AUTOS = YES_AGGRESSIVE;
				GCC_WARN_UNUSED_FUNCTION = YES;
				GCC_WARN_UNUSED_VARIABLE = YES;
				IPHONEOS_DEPLOYMENT_TARGET = 15.0;
				MTL_ENABLE_DEBUG_INFO = NO;
				MTL_FAST_MATH = YES;
				SDKROOT = iphoneos;
				SWIFT_COMPILATION_MODE = wholemodule;
				SWIFT_OPTIMIZATION_LEVEL = "-O";
				VALIDATE_PRODUCT = YES;
			};
			name = Release;
		};
		F93B17A8272A995100383BC0 /* Debug */ = {
			isa = XCBuildConfiguration;
			buildSettings = {
				ASSETCATALOG_COMPILER_APPICON_NAME = AppIcon;
				ASSETCATALOG_COMPILER_GLOBAL_ACCENT_COLOR_NAME = AccentColor;
				CODE_SIGN_STYLE = Automatic;
				CURRENT_PROJECT_VERSION = 1;
				GENERATE_INFOPLIST_FILE = YES;
				INFOPLIST_FILE = AuteursUseSnapkit/Info.plist;
				INFOPLIST_KEY_UIApplicationSupportsIndirectInputEvents = YES;
				INFOPLIST_KEY_UILaunchStoryboardName = LaunchScreen;
				INFOPLIST_KEY_UIMainStoryboardFile = Main;
				INFOPLIST_KEY_UISupportedInterfaceOrientations_iPad = "UIInterfaceOrientationPortrait UIInterfaceOrientationPortraitUpsideDown UIInterfaceOrientationLandscapeLeft UIInterfaceOrientationLandscapeRight";
				INFOPLIST_KEY_UISupportedInterfaceOrientations_iPhone = "UIInterfaceOrientationPortrait UIInterfaceOrientationLandscapeLeft UIInterfaceOrientationLandscapeRight";
				LD_RUNPATH_SEARCH_PATHS = (
					"$(inherited)",
					"@executable_path/Frameworks",
				);
				MARKETING_VERSION = 1.0;
				PRODUCT_BUNDLE_IDENTIFIER = com.todoc.AuteursUseSnapkit;
				PRODUCT_NAME = "$(TARGET_NAME)";
				SWIFT_EMIT_LOC_STRINGS = YES;
				SWIFT_VERSION = 5.0;
				TARGETED_DEVICE_FAMILY = "1,2";
			};
			name = Debug;
		};
		F93B17A9272A995100383BC0 /* Release */ = {
			isa = XCBuildConfiguration;
			buildSettings = {
				ASSETCATALOG_COMPILER_APPICON_NAME = AppIcon;
				ASSETCATALOG_COMPILER_GLOBAL_ACCENT_COLOR_NAME = AccentColor;
				CODE_SIGN_STYLE = Automatic;
				CURRENT_PROJECT_VERSION = 1;
				GENERATE_INFOPLIST_FILE = YES;
				INFOPLIST_FILE = AuteursUseSnapkit/Info.plist;
				INFOPLIST_KEY_UIApplicationSupportsIndirectInputEvents = YES;
				INFOPLIST_KEY_UILaunchStoryboardName = LaunchScreen;
				INFOPLIST_KEY_UIMainStoryboardFile = Main;
				INFOPLIST_KEY_UISupportedInterfaceOrientations_iPad = "UIInterfaceOrientationPortrait UIInterfaceOrientationPortraitUpsideDown UIInterfaceOrientationLandscapeLeft UIInterfaceOrientationLandscapeRight";
				INFOPLIST_KEY_UISupportedInterfaceOrientations_iPhone = "UIInterfaceOrientationPortrait UIInterfaceOrientationLandscapeLeft UIInterfaceOrientationLandscapeRight";
				LD_RUNPATH_SEARCH_PATHS = (
					"$(inherited)",
					"@executable_path/Frameworks",
				);
				MARKETING_VERSION = 1.0;
				PRODUCT_BUNDLE_IDENTIFIER = com.todoc.AuteursUseSnapkit;
				PRODUCT_NAME = "$(TARGET_NAME)";
				SWIFT_EMIT_LOC_STRINGS = YES;
				SWIFT_VERSION = 5.0;
				TARGETED_DEVICE_FAMILY = "1,2";
			};
			name = Release;
		};
/* End XCBuildConfiguration section */

/* Begin XCConfigurationList section */
		F93B178E272A995000383BC0 /* Build configuration list for PBXProject "AuteursUseSnapkit" */ = {
			isa = XCConfigurationList;
			buildConfigurations = (
				F93B17A5272A995100383BC0 /* Debug */,
				F93B17A6272A995100383BC0 /* Release */,
			);
			defaultConfigurationIsVisible = 0;
			defaultConfigurationName = Release;
		};
		F93B17A7272A995100383BC0 /* Build configuration list for PBXNativeTarget "AuteursUseSnapkit" */ = {
			isa = XCConfigurationList;
			buildConfigurations = (
				F93B17A8272A995100383BC0 /* Debug */,
				F93B17A9272A995100383BC0 /* Release */,
			);
			defaultConfigurationIsVisible = 0;
			defaultConfigurationName = Release;
		};
/* End XCConfigurationList section */

/* Begin XCRemoteSwiftPackageReference section */
		F93B17B2272A9E2C00383BC0 /* XCRemoteSwiftPackageReference "SnapKit" */ = {
			isa = XCRemoteSwiftPackageReference;
			repositoryURL = "https://github.com/SnapKit/SnapKit";
			requirement = {
				branch = develop;
				kind = branch;
			};
		};
/* End XCRemoteSwiftPackageReference section */

/* Begin XCSwiftPackageProductDependency section */
		F93B17B3272A9E2C00383BC0 /* SnapKit */ = {
			isa = XCSwiftPackageProductDependency;
			package = F93B17B2272A9E2C00383BC0 /* XCRemoteSwiftPackageReference "SnapKit" */;
			productName = SnapKit;
		};
/* End XCSwiftPackageProductDependency section */
	};
	rootObject = F93B178B272A995000383BC0 /* Project object */;
}
